
Microsoft Visual Studio Solution File, Format Version 12.00
# Visual Studio Version 17
VisualStudioVersion = 17.14.36301.6 d17.14
MinimumVisualStudioVersion = 10.0.40219.1
Project("{FAE04EC0-301F-11D3-BF4B-00C04F79EFBC}") = "Rehber", "Rehber\Rehber.csproj", "{3F2DEC78-CBB2-409B-88C9-7CEB9F3EDCB6}"
EndProject
Global
	GlobalSection(SolutionConfigurationPlatforms) = preSolution
		Debug|Any CPU = Debug|Any CPU
		Release|Any CPU = Release|Any CPU
	EndGlobalSection
	GlobalSection(ProjectConfigurationPlatforms) = postSolution
		{3F2DEC78-CBB2-409B-88C9-7CEB9F3EDCB6}.Debug|Any CPU.ActiveCfg = Debug|Any CPU
		{3F2DEC78-CBB2-409B-88C9-7CEB9F3EDCB6}.Debug|Any CPU.Build.0 = Debug|Any CPU
		{3F2DEC78-CBB2-409B-88C9-7CEB9F3EDCB6}.Release|Any CPU.ActiveCfg = Release|Any CPU
		{3F2DEC78-CBB2-409B-88C9-7CEB9F3EDCB6}.Release|Any CPU.Build.0 = Release|Any CPU
	EndGlobalSection
	GlobalSection(SolutionProperties) = preSolution
		HideSolutionNode = FALSE
	EndGlobalSection
	GlobalSection(ExtensibilityGlobals) = postSolution
		SolutionGuid = {852DD35F-D32C-486E-8DC1-87F466BB85B7}
	EndGlobalSection
EndGlobal
