
Microsoft Visual Studio Solution File, Format Version 12.00
# Visual Studio Version 17
VisualStudioVersion = 17.14.36301.6 d17.14
MinimumVisualStudioVersion = 10.0.40219.1
Project("{FAE04EC0-301F-11D3-BF4B-00C04F79EFBC}") = "Proje6", "Proje6\Proje6.csproj", "{00FB7F32-B2B8-489F-BB0B-9C45CE6E8048}"
EndProject
Global
	GlobalSection(SolutionConfigurationPlatforms) = preSolution
		Debug|Any CPU = Debug|Any CPU
		Release|Any CPU = Release|Any CPU
	EndGlobalSection
	GlobalSection(ProjectConfigurationPlatforms) = postSolution
		{00FB7F32-B2B8-489F-BB0B-9C45CE6E8048}.Debug|Any CPU.ActiveCfg = Debug|Any CPU
		{00FB7F32-B2B8-489F-BB0B-9C45CE6E8048}.Debug|Any CPU.Build.0 = Debug|Any CPU
		{00FB7F32-B2B8-489F-BB0B-9C45CE6E8048}.Release|Any CPU.ActiveCfg = Release|Any CPU
		{00FB7F32-B2B8-489F-BB0B-9C45CE6E8048}.Release|Any CPU.Build.0 = Release|Any CPU
	EndGlobalSection
	GlobalSection(SolutionProperties) = preSolution
		HideSolutionNode = FALSE
	EndGlobalSection
	GlobalSection(ExtensibilityGlobals) = postSolution
		SolutionGuid = {B64A8ABE-2D74-49CB-9296-205F23D5D535}
	EndGlobalSection
EndGlobal
