
Microsoft Visual Studio Solution File, Format Version 12.00
# Visual Studio Version 17
VisualStudioVersion = 17.14.36301.6 d17.14
MinimumVisualStudioVersion = 10.0.40219.1
Project("{FAE04EC0-301F-11D3-BF4B-00C04F79EFBC}") = "Doviz_Ofis", "Doviz_Ofis\Doviz_Ofis.csproj", "{C3BC39AE-297A-4C73-B69E-7AD56F90A4F9}"
EndProject
Global
	GlobalSection(SolutionConfigurationPlatforms) = preSolution
		Debug|Any CPU = Debug|Any CPU
		Release|Any CPU = Release|Any CPU
	EndGlobalSection
	GlobalSection(ProjectConfigurationPlatforms) = postSolution
		{C3BC39AE-297A-4C73-B69E-7AD56F90A4F9}.Debug|Any CPU.ActiveCfg = Debug|Any CPU
		{C3BC39AE-297A-4C73-B69E-7AD56F90A4F9}.Debug|Any CPU.Build.0 = Debug|Any CPU
		{C3BC39AE-297A-4C73-B69E-7AD56F90A4F9}.Release|Any CPU.ActiveCfg = Release|Any CPU
		{C3BC39AE-297A-4C73-B69E-7AD56F90A4F9}.Release|Any CPU.Build.0 = Release|Any CPU
	EndGlobalSection
	GlobalSection(SolutionProperties) = preSolution
		HideSolutionNode = FALSE
	EndGlobalSection
	GlobalSection(ExtensibilityGlobals) = postSolution
		SolutionGuid = {BCD60D1B-ACC3-4CAA-AB9F-03CAD7ADFEA4}
	EndGlobalSection
EndGlobal
