
Microsoft Visual Studio Solution File, Format Version 12.00
# Visual Studio Version 17
VisualStudioVersion = 17.14.36301.6 d17.14
MinimumVisualStudioVersion = 10.0.40219.1
Project("{FAE04EC0-301F-11D3-BF4B-00C04F79EFBC}") = "Etut_Test", "Etut_Test\Etut_Test.csproj", "{7F93CE7C-B552-434C-8C2B-2EBAA4C74865}"
EndProject
Global
	GlobalSection(SolutionConfigurationPlatforms) = preSolution
		Debug|Any CPU = Debug|Any CPU
		Release|Any CPU = Release|Any CPU
	EndGlobalSection
	GlobalSection(ProjectConfigurationPlatforms) = postSolution
		{7F93CE7C-B552-434C-8C2B-2EBAA4C74865}.Debug|Any CPU.ActiveCfg = Debug|Any CPU
		{7F93CE7C-B552-434C-8C2B-2EBAA4C74865}.Debug|Any CPU.Build.0 = Debug|Any CPU
		{7F93CE7C-B552-434C-8C2B-2EBAA4C74865}.Release|Any CPU.ActiveCfg = Release|Any CPU
		{7F93CE7C-B552-434C-8C2B-2EBAA4C74865}.Release|Any CPU.Build.0 = Release|Any CPU
	EndGlobalSection
	GlobalSection(SolutionProperties) = preSolution
		HideSolutionNode = FALSE
	EndGlobalSection
	GlobalSection(ExtensibilityGlobals) = postSolution
		SolutionGuid = {358BB32A-024F-48AF-85E5-C44E87BB8C46}
	EndGlobalSection
EndGlobal
